{
  "name": "opc-dashboard",
  "version": "1.0.0",
  "lockfileVersion": 1,
  "requires": true,
  "dependencies": {
    "uikit": {
      "version": "3.6.22",
      "resolved": "https://registry.npmjs.org/uikit/-/uikit-3.6.22.tgz",
      "integrity": "sha512-c8jz0lzvGPrPbOG4K5HvOCgUe7i9A6blZmMq2M/EYqoY7FT9dBayGFZYbBeio2s9WCpADIcCAj2QX/5L3EByOQ==",
      "dev": true
    }
  }
}
